{
  "originHash" : "ddf83e736a26ca7a90cad8c3cc9f590693cd5a6b474326412d64bcd91de45c44",
  "pins" : [
    {
      "identity" : "appsflyerframework",
      "kind" : "remoteSourceControl",
      "location" : "https://github.com/AppsFlyerSDK/AppsFlyerFramework",
      "state" : {
        "revision" : "304116f391a42dd2266768a30f6422501ecf7f33",
        "version" : "6.15.2"
      }
    },
    {
      "identity" : "facebook-ios-sdk",
      "kind" : "remoteSourceControl",
      "location" : "https://github.com/facebook/facebook-ios-sdk",
      "state" : {
        "revision" : "c19607d535864533523d1f437c84035e5fb101cf",
        "version" : "14.1.0"
      }
    }
  ],
  "version" : 3
}
